
Microsoft Visual Studio Solution File, Format Version 12.00
# Visual Studio Version 16
VisualStudioVersion = 16.0.29318.209
MinimumVisualStudioVersion = 10.0.40219.1
Project("{8BC9CEB8-8B4A-11D0-8D11-00A0C91BC942}") = "concept", "concept\concept.vcxproj", "{0663A1F5-F057-4C15-B61E-2A59920C0F75}"
EndProject
Project("{8BC9CEB8-8B4A-11D0-8D11-00A0C91BC942}") = "ptype2type", "ptype2type\ptype2type.vcxproj", "{452E60FF-3043-4D92-AE99-3F3CABCF53FB}"
EndProject
Global
	GlobalSection(SolutionConfigurationPlatforms) = preSolution
		Debug|x64 = Debug|x64
		Debug|x86 = Debug|x86
		Release|x64 = Release|x64
		Release|x86 = Release|x86
	EndGlobalSection
	GlobalSection(ProjectConfigurationPlatforms) = postSolution
		{0663A1F5-F057-4C15-B61E-2A59920C0F75}.Debug|x64.ActiveCfg = Debug|x64
		{0663A1F5-F057-4C15-B61E-2A59920C0F75}.Debug|x64.Build.0 = Debug|x64
		{0663A1F5-F057-4C15-B61E-2A59920C0F75}.Debug|x86.ActiveCfg = Debug|Win32
		{0663A1F5-F057-4C15-B61E-2A59920C0F75}.Debug|x86.Build.0 = Debug|Win32
		{0663A1F5-F057-4C15-B61E-2A59920C0F75}.Release|x64.ActiveCfg = Release|x64
		{0663A1F5-F057-4C15-B61E-2A59920C0F75}.Release|x64.Build.0 = Release|x64
		{0663A1F5-F057-4C15-B61E-2A59920C0F75}.Release|x86.ActiveCfg = Release|Win32
		{0663A1F5-F057-4C15-B61E-2A59920C0F75}.Release|x86.Build.0 = Release|Win32
		{452E60FF-3043-4D92-AE99-3F3CABCF53FB}.Debug|x64.ActiveCfg = Debug|x64
		{452E60FF-3043-4D92-AE99-3F3CABCF53FB}.Debug|x64.Build.0 = Debug|x64
		{452E60FF-3043-4D92-AE99-3F3CABCF53FB}.Debug|x86.ActiveCfg = Debug|Win32
		{452E60FF-3043-4D92-AE99-3F3CABCF53FB}.Debug|x86.Build.0 = Debug|Win32
		{452E60FF-3043-4D92-AE99-3F3CABCF53FB}.Release|x64.ActiveCfg = Release|x64
		{452E60FF-3043-4D92-AE99-3F3CABCF53FB}.Release|x64.Build.0 = Release|x64
		{452E60FF-3043-4D92-AE99-3F3CABCF53FB}.Release|x86.ActiveCfg = Release|Win32
		{452E60FF-3043-4D92-AE99-3F3CABCF53FB}.Release|x86.Build.0 = Release|Win32
	EndGlobalSection
	GlobalSection(SolutionProperties) = preSolution
		HideSolutionNode = FALSE
	EndGlobalSection
	GlobalSection(ExtensibilityGlobals) = postSolution
		SolutionGuid = {C46B7742-53C7-4AD0-B655-62B57EA0EED7}
	EndGlobalSection
EndGlobal
